
Microsoft Visual Studio Solution File, Format Version 12.00
# Visual Studio Version 16
VisualStudioVersion = 16.0.30128.74
MinimumVisualStudioVersion = 10.0.40219.1
Project("{FAE04EC0-301F-11D3-BF4B-00C04F79EFBC}") = "demo", "demo.csproj", "{A58876A2-92AA-46AD-AD78-AAB0243D6681}"
EndProject
Project("{9A19103F-16F7-4668-BE54-9A1E7A4F7556}") = "GensouSakuya.Aria2.SDK", "..\GensouSakuya.Aria2.SDK\GensouSakuya.Aria2.SDK\GensouSakuya.Aria2.SDK.csproj", "{1DFEDE0E-FC83-4732-A701-F0299E0E6446}"
EndProject
Global
	GlobalSection(SolutionConfigurationPlatforms) = preSolution
		Debug|Any CPU = Debug|Any CPU
		Release|Any CPU = Release|Any CPU
	EndGlobalSection
	GlobalSection(ProjectConfigurationPlatforms) = postSolution
		{A58876A2-92AA-46AD-AD78-AAB0243D6681}.Debug|Any CPU.ActiveCfg = Debug|Any CPU
		{A58876A2-92AA-46AD-AD78-AAB0243D6681}.Debug|Any CPU.Build.0 = Debug|Any CPU
		{A58876A2-92AA-46AD-AD78-AAB0243D6681}.Release|Any CPU.ActiveCfg = Release|Any CPU
		{A58876A2-92AA-46AD-AD78-AAB0243D6681}.Release|Any CPU.Build.0 = Release|Any CPU
		{1DFEDE0E-FC83-4732-A701-F0299E0E6446}.Debug|Any CPU.ActiveCfg = Debug|Any CPU
		{1DFEDE0E-FC83-4732-A701-F0299E0E6446}.Debug|Any CPU.Build.0 = Debug|Any CPU
		{1DFEDE0E-FC83-4732-A701-F0299E0E6446}.Release|Any CPU.ActiveCfg = Release|Any CPU
		{1DFEDE0E-FC83-4732-A701-F0299E0E6446}.Release|Any CPU.Build.0 = Release|Any CPU
	EndGlobalSection
	GlobalSection(SolutionProperties) = preSolution
		HideSolutionNode = FALSE
	EndGlobalSection
	GlobalSection(ExtensibilityGlobals) = postSolution
		SolutionGuid = {9C755926-67EA-427E-924C-07C10AF06967}
	EndGlobalSection
EndGlobal
